// !$*UTF8*$!
{
	archiveVersion = 1;
	classes = {
	};
	objectVersion = 46;
	objects = {

/* Begin PBXBuildFile section */
		504C111718CF4C0C00B933D5 /* TempoActivityIndicator.m in Sources */ = {isa = PBXBuildFile; fileRef = 504C111618CF4C0C00B933D5 /* TempoActivityIndicator.m */; };
		504C111B18CF4DED00B933D5 /* UIColor+TempoRunColors.m in Sources */ = {isa = PBXBuildFile; fileRef = 504C111A18CF4DED00B933D5 /* UIColor+TempoRunColors.m */; };
		504C111E18CF7EFD00B933D5 /* TempoToolbarTableViewCell.m in Sources */ = {isa = PBXBuildFile; fileRef = 504C111D18CF7EFD00B933D5 /* TempoToolbarTableViewCell.m */; };
		508E214A18C93E8500118F23 /* Foundation.framework in Frameworks */ = {isa = PBXBuildFile; fileRef = 508E214918C93E8500118F23 /* Foundation.framework */; };
		508E214C18C93E8500118F23 /* CoreGraphics.framework in Frameworks */ = {isa = PBXBuildFile; fileRef = 508E214B18C93E8500118F23 /* CoreGraphics.framework */; };
		508E214E18C93E8500118F23 /* UIKit.framework in Frameworks */ = {isa = PBXBuildFile; fileRef = 508E214D18C93E8500118F23 /* UIKit.framework */; };
		508E215418C93E8500118F23 /* InfoPlist.strings in Resources */ = {isa = PBXBuildFile; fileRef = 508E215218C93E8500118F23 /* InfoPlist.strings */; };
		508E215618C93E8500118F23 /* main.m in Sources */ = {isa = PBXBuildFile; fileRef = 508E215518C93E8500118F23 /* main.m */; };
		508E215A18C93E8500118F23 /* AppDelegate.m in Sources */ = {isa = PBXBuildFile; fileRef = 508E215918C93E8500118F23 /* AppDelegate.m */; };
		508E215D18C93E8500118F23 /* Main.storyboard in Resources */ = {isa = PBXBuildFile; fileRef = 508E215B18C93E8500118F23 /* Main.storyboard */; };
		508E216018C93E8500118F23 /* ViewController.m in Sources */ = {isa = PBXBuildFile; fileRef = 508E215F18C93E8500118F23 /* ViewController.m */; };
		508E216218C93E8500118F23 /* Images.xcassets in Resources */ = {isa = PBXBuildFile; fileRef = 508E216118C93E8500118F23 /* Images.xcassets */; };
		508E216918C93E8500118F23 /* XCTest.framework in Frameworks */ = {isa = PBXBuildFile; fileRef = 508E216818C93E8500118F23 /* XCTest.framework */; };
		508E216A18C93E8500118F23 /* Foundation.framework in Frameworks */ = {isa = PBXBuildFile; fileRef = 508E214918C93E8500118F23 /* Foundation.framework */; };
		508E216B18C93E8500118F23 /* UIKit.framework in Frameworks */ = {isa = PBXBuildFile; fileRef = 508E214D18C93E8500118F23 /* UIKit.framework */; };
		508E217318C93E8500118F23 /* InfoPlist.strings in Resources */ = {isa = PBXBuildFile; fileRef = 508E217118C93E8500118F23 /* InfoPlist.strings */; };
		508E217518C93E8500118F23 /* Sample_ControllerTests.m in Sources */ = {isa = PBXBuildFile; fileRef = 508E217418C93E8500118F23 /* Sample_ControllerTests.m */; };
		508E218018C93EDB00118F23 /* TempoToolbarController.m in Sources */ = {isa = PBXBuildFile; fileRef = 508E217F18C93EDB00118F23 /* TempoToolbarController.m */; };
		508E218818C9428200118F23 /* TempoToolbar.m in Sources */ = {isa = PBXBuildFile; fileRef = 508E218718C9428200118F23 /* TempoToolbar.m */; };
		508E219718C9535A00118F23 /* SecondViewController.m in Sources */ = {isa = PBXBuildFile; fileRef = 508E219518C9535A00118F23 /* SecondViewController.m */; };
		508E219818C9535A00118F23 /* SecondViewController.xib in Resources */ = {isa = PBXBuildFile; fileRef = 508E219618C9535A00118F23 /* SecondViewController.xib */; };
		508E219C18C9536E00118F23 /* FirstViewController.m in Sources */ = {isa = PBXBuildFile; fileRef = 508E219A18C9536E00118F23 /* FirstViewController.m */; };
		508E219D18C9536E00118F23 /* FirstViewController.xib in Resources */ = {isa = PBXBuildFile; fileRef = 508E219B18C9536E00118F23 /* FirstViewController.xib */; };
/* End PBXBuildFile section */

/* Begin PBXContainerItemProxy section */
		508E216C18C93E8500118F23 /* PBXContainerItemProxy */ = {
			isa = PBXContainerItemProxy;
			containerPortal = 508E213E18C93E8500118F23 /* Project object */;
			proxyType = 1;
			remoteGlobalIDString = 508E214518C93E8500118F23;
			remoteInfo = "Sample Controller";
		};
/* End PBXContainerItemProxy section */

/* Begin PBXFileReference section */
		504C111518CF4C0C00B933D5 /* TempoActivityIndicator.h */ = {isa = PBXFileReference; fileEncoding = 4; lastKnownFileType = sourcecode.c.h; path = TempoActivityIndicator.h; sourceTree = "<group>"; };
		504C111618CF4C0C00B933D5 /* TempoActivityIndicator.m */ = {isa = PBXFileReference; fileEncoding = 4; lastKnownFileType = sourcecode.c.objc; path = TempoActivityIndicator.m; sourceTree = "<group>"; };
		504C111918CF4DED00B933D5 /* UIColor+TempoRunColors.h */ = {isa = PBXFileReference; fileEncoding = 4; lastKnownFileType = sourcecode.c.h; path = "UIColor+TempoRunColors.h"; sourceTree = "<group>"; };
		504C111A18CF4DED00B933D5 /* UIColor+TempoRunColors.m */ = {isa = PBXFileReference; fileEncoding = 4; lastKnownFileType = sourcecode.c.objc; path = "UIColor+TempoRunColors.m"; sourceTree = "<group>"; };
		504C111C18CF7EFD00B933D5 /* TempoToolbarTableViewCell.h */ = {isa = PBXFileReference; fileEncoding = 4; lastKnownFileType = sourcecode.c.h; path = TempoToolbarTableViewCell.h; sourceTree = "<group>"; };
		504C111D18CF7EFD00B933D5 /* TempoToolbarTableViewCell.m */ = {isa = PBXFileReference; fileEncoding = 4; lastKnownFileType = sourcecode.c.objc; path = TempoToolbarTableViewCell.m; sourceTree = "<group>"; };
		508E214618C93E8500118F23 /* Sample Controller.app */ = {isa = PBXFileReference; explicitFileType = wrapper.application; includeInIndex = 0; path = "Sample Controller.app"; sourceTree = BUILT_PRODUCTS_DIR; };
		508E214918C93E8500118F23 /* Foundation.framework */ = {isa = PBXFileReference; lastKnownFileType = wrapper.framework; name = Foundation.framework; path = System/Library/Frameworks/Foundation.framework; sourceTree = SDKROOT; };
		508E214B18C93E8500118F23 /* CoreGraphics.framework */ = {isa = PBXFileReference; lastKnownFileType = wrapper.framework; name = CoreGraphics.framework; path = System/Library/Frameworks/CoreGraphics.framework; sourceTree = SDKROOT; };
		508E214D18C93E8500118F23 /* UIKit.framework */ = {isa = PBXFileReference; lastKnownFileType = wrapper.framework; name = UIKit.framework; path = System/Library/Frameworks/UIKit.framework; sourceTree = SDKROOT; };
		508E215118C93E8500118F23 /* Sample Controller-Info.plist */ = {isa = PBXFileReference; lastKnownFileType = text.plist.xml; path = "Sample Controller-Info.plist"; sourceTree = "<group>"; };
		508E215318C93E8500118F23 /* en */ = {isa = PBXFileReference; lastKnownFileType = text.plist.strings; name = en; path = en.lproj/InfoPlist.strings; sourceTree = "<group>"; };
		508E215518C93E8500118F23 /* main.m */ = {isa = PBXFileReference; lastKnownFileType = sourcecode.c.objc; path = main.m; sourceTree = "<group>"; };
		508E215718C93E8500118F23 /* Sample Controller-Prefix.pch */ = {isa = PBXFileReference; lastKnownFileType = sourcecode.c.h; path = "Sample Controller-Prefix.pch"; sourceTree = "<group>"; };
		508E215818C93E8500118F23 /* AppDelegate.h */ = {isa = PBXFileReference; lastKnownFileType = sourcecode.c.h; path = AppDelegate.h; sourceTree = "<group>"; };
		508E215918C93E8500118F23 /* AppDelegate.m */ = {isa = PBXFileReference; lastKnownFileType = sourcecode.c.objc; path = AppDelegate.m; sourceTree = "<group>"; };
		508E215C18C93E8500118F23 /* Base */ = {isa = PBXFileReference; lastKnownFileType = file.storyboard; name = Base; path = Base.lproj/Main.storyboard; sourceTree = "<group>"; };
		508E215E18C93E8500118F23 /* ViewController.h */ = {isa = PBXFileReference; lastKnownFileType = sourcecode.c.h; path = ViewController.h; sourceTree = "<group>"; };
		508E215F18C93E8500118F23 /* ViewController.m */ = {isa = PBXFileReference; lastKnownFileType = sourcecode.c.objc; path = ViewController.m; sourceTree = "<group>"; };
		508E216118C93E8500118F23 /* Images.xcassets */ = {isa = PBXFileReference; lastKnownFileType = folder.assetcatalog; path = Images.xcassets; sourceTree = "<group>"; };
		508E216718C93E8500118F23 /* Sample ControllerTests.xctest */ = {isa = PBXFileReference; explicitFileType = wrapper.cfbundle; includeInIndex = 0; path = "Sample ControllerTests.xctest"; sourceTree = BUILT_PRODUCTS_DIR; };
		508E216818C93E8500118F23 /* XCTest.framework */ = {isa = PBXFileReference; lastKnownFileType = wrapper.framework; name = XCTest.framework; path = Library/Frameworks/XCTest.framework; sourceTree = DEVELOPER_DIR; };
		508E217018C93E8500118F23 /* Sample ControllerTests-Info.plist */ = {isa = PBXFileReference; lastKnownFileType = text.plist.xml; path = "Sample ControllerTests-Info.plist"; sourceTree = "<group>"; };
		508E217218C93E8500118F23 /* en */ = {isa = PBXFileReference; lastKnownFileType = text.plist.strings; name = en; path = en.lproj/InfoPlist.strings; sourceTree = "<group>"; };
		508E217418C93E8500118F23 /* Sample_ControllerTests.m */ = {isa = PBXFileReference; lastKnownFileType = sourcecode.c.objc; path = Sample_ControllerTests.m; sourceTree = "<group>"; };
		508E217E18C93EDB00118F23 /* TempoToolbarController.h */ = {isa = PBXFileReference; fileEncoding = 4; lastKnownFileType = sourcecode.c.h; path = TempoToolbarController.h; sourceTree = "<group>"; };
		508E217F18C93EDB00118F23 /* TempoToolbarController.m */ = {isa = PBXFileReference; fileEncoding = 4; lastKnownFileType = sourcecode.c.objc; path = TempoToolbarController.m; sourceTree = "<group>"; };
		508E218618C9428200118F23 /* TempoToolbar.h */ = {isa = PBXFileReference; fileEncoding = 4; lastKnownFileType = sourcecode.c.h; path = TempoToolbar.h; sourceTree = "<group>"; };
		508E218718C9428200118F23 /* TempoToolbar.m */ = {isa = PBXFileReference; fileEncoding = 4; lastKnownFileType = sourcecode.c.objc; path = TempoToolbar.m; sourceTree = "<group>"; };
		508E218C18C9475F00118F23 /* TempoToolbarDataSource.h */ = {isa = PBXFileReference; lastKnownFileType = sourcecode.c.h; path = TempoToolbarDataSource.h; sourceTree = "<group>"; };
		508E218D18C9476C00118F23 /* TempoToolbarDelegate.h */ = {isa = PBXFileReference; lastKnownFileType = sourcecode.c.h; path = TempoToolbarDelegate.h; sourceTree = "<group>"; };
		508E219418C9535A00118F23 /* SecondViewController.h */ = {isa = PBXFileReference; fileEncoding = 4; lastKnownFileType = sourcecode.c.h; path = SecondViewController.h; sourceTree = "<group>"; };
		508E219518C9535A00118F23 /* SecondViewController.m */ = {isa = PBXFileReference; fileEncoding = 4; lastKnownFileType = sourcecode.c.objc; path = SecondViewController.m; sourceTree = "<group>"; };
		508E219618C9535A00118F23 /* SecondViewController.xib */ = {isa = PBXFileReference; fileEncoding = 4; lastKnownFileType = file.xib; path = SecondViewController.xib; sourceTree = "<group>"; };
		508E219918C9536E00118F23 /* FirstViewController.h */ = {isa = PBXFileReference; fileEncoding = 4; lastKnownFileType = sourcecode.c.h; path = FirstViewController.h; sourceTree = "<group>"; };
		508E219A18C9536E00118F23 /* FirstViewController.m */ = {isa = PBXFileReference; fileEncoding = 4; lastKnownFileType = sourcecode.c.objc; path = FirstViewController.m; sourceTree = "<group>"; };
		508E219B18C9536E00118F23 /* FirstViewController.xib */ = {isa = PBXFileReference; fileEncoding = 4; lastKnownFileType = file.xib; path = FirstViewController.xib; sourceTree = "<group>"; };
/* End PBXFileReference section */

/* Begin PBXFrameworksBuildPhase section */
		508E214318C93E8500118F23 /* Frameworks */ = {
			isa = PBXFrameworksBuildPhase;
			buildActionMask = 2147483647;
			files = (
				508E214C18C93E8500118F23 /* CoreGraphics.framework in Frameworks */,
				508E214E18C93E8500118F23 /* UIKit.framework in Frameworks */,
				508E214A18C93E8500118F23 /* Foundation.framework in Frameworks */,
			);
			runOnlyForDeploymentPostprocessing = 0;
		};
		508E216418C93E8500118F23 /* Frameworks */ = {
			isa = PBXFrameworksBuildPhase;
			buildActionMask = 2147483647;
			files = (
				508E216918C93E8500118F23 /* XCTest.framework in Frameworks */,
				508E216B18C93E8500118F23 /* UIKit.framework in Frameworks */,
				508E216A18C93E8500118F23 /* Foundation.framework in Frameworks */,
			);
			runOnlyForDeploymentPostprocessing = 0;
		};
/* End PBXFrameworksBuildPhase section */

/* Begin PBXGroup section */
		504C111818CF4C1200B933D5 /* Activity Indicator */ = {
			isa = PBXGroup;
			children = (
				504C111518CF4C0C00B933D5 /* TempoActivityIndicator.h */,
				504C111618CF4C0C00B933D5 /* TempoActivityIndicator.m */,
			);
			name = "Activity Indicator";
			sourceTree = "<group>";
		};
		508E213D18C93E8500118F23 = {
			isa = PBXGroup;
			children = (
				508E214F18C93E8500118F23 /* Sample Controller */,
				508E216E18C93E8500118F23 /* Sample ControllerTests */,
				508E214818C93E8500118F23 /* Frameworks */,
				508E214718C93E8500118F23 /* Products */,
			);
			sourceTree = "<group>";
		};
		508E214718C93E8500118F23 /* Products */ = {
			isa = PBXGroup;
			children = (
				508E214618C93E8500118F23 /* Sample Controller.app */,
				508E216718C93E8500118F23 /* Sample ControllerTests.xctest */,
			);
			name = Products;
			sourceTree = "<group>";
		};
		508E214818C93E8500118F23 /* Frameworks */ = {
			isa = PBXGroup;
			children = (
				508E214918C93E8500118F23 /* Foundation.framework */,
				508E214B18C93E8500118F23 /* CoreGraphics.framework */,
				508E214D18C93E8500118F23 /* UIKit.framework */,
				508E216818C93E8500118F23 /* XCTest.framework */,
			);
			name = Frameworks;
			sourceTree = "<group>";
		};
		508E214F18C93E8500118F23 /* Sample Controller */ = {
			isa = PBXGroup;
			children = (
				508E215818C93E8500118F23 /* AppDelegate.h */,
				508E215918C93E8500118F23 /* AppDelegate.m */,
				508E215B18C93E8500118F23 /* Main.storyboard */,
				508E215E18C93E8500118F23 /* ViewController.h */,
				508E215F18C93E8500118F23 /* ViewController.m */,
				508E219318C9534400118F23 /* Child View Controllers */,
				508E217E18C93EDB00118F23 /* TempoToolbarController.h */,
				508E217F18C93EDB00118F23 /* TempoToolbarController.m */,
				508E218618C9428200118F23 /* TempoToolbar.h */,
				508E218718C9428200118F23 /* TempoToolbar.m */,
				504C111C18CF7EFD00B933D5 /* TempoToolbarTableViewCell.h */,
				504C111D18CF7EFD00B933D5 /* TempoToolbarTableViewCell.m */,
				508E218C18C9475F00118F23 /* TempoToolbarDataSource.h */,
				508E218D18C9476C00118F23 /* TempoToolbarDelegate.h */,
				504C111818CF4C1200B933D5 /* Activity Indicator */,
				508E216118C93E8500118F23 /* Images.xcassets */,
				508E215018C93E8500118F23 /* Supporting Files */,
			);
			path = "Sample Controller";
			sourceTree = "<group>";
		};
		508E215018C93E8500118F23 /* Supporting Files */ = {
			isa = PBXGroup;
			children = (
				504C111918CF4DED00B933D5 /* UIColor+TempoRunColors.h */,
				504C111A18CF4DED00B933D5 /* UIColor+TempoRunColors.m */,
				508E215118C93E8500118F23 /* Sample Controller-Info.plist */,
				508E215218C93E8500118F23 /* InfoPlist.strings */,
				508E215518C93E8500118F23 /* main.m */,
				508E215718C93E8500118F23 /* Sample Controller-Prefix.pch */,
			);
			name = "Supporting Files";
			sourceTree = "<group>";
		};
		508E216E18C93E8500118F23 /* Sample ControllerTests */ = {
			isa = PBXGroup;
			children = (
				508E217418C93E8500118F23 /* Sample_ControllerTests.m */,
				508E216F18C93E8500118F23 /* Supporting Files */,
			);
			path = "Sample ControllerTests";
			sourceTree = "<group>";
		};
		508E216F18C93E8500118F23 /* Supporting Files */ = {
			isa = PBXGroup;
			children = (
				508E217018C93E8500118F23 /* Sample ControllerTests-Info.plist */,
				508E217118C93E8500118F23 /* InfoPlist.strings */,
			);
			name = "Supporting Files";
			sourceTree = "<group>";
		};
		508E219318C9534400118F23 /* Child View Controllers */ = {
			isa = PBXGroup;
			children = (
				508E219918C9536E00118F23 /* FirstViewController.h */,
				508E219A18C9536E00118F23 /* FirstViewController.m */,
				508E219B18C9536E00118F23 /* FirstViewController.xib */,
				508E219418C9535A00118F23 /* SecondViewController.h */,
				508E219518C9535A00118F23 /* SecondViewController.m */,
				508E219618C9535A00118F23 /* SecondViewController.xib */,
			);
			name = "Child View Controllers";
			sourceTree = "<group>";
		};
/* End PBXGroup section */

/* Begin PBXNativeTarget section */
		508E214518C93E8500118F23 /* Sample Controller */ = {
			isa = PBXNativeTarget;
			buildConfigurationList = 508E217818C93E8500118F23 /* Build configuration list for PBXNativeTarget "Sample Controller" */;
			buildPhases = (
				508E214218C93E8500118F23 /* Sources */,
				508E214318C93E8500118F23 /* Frameworks */,
				508E214418C93E8500118F23 /* Resources */,
			);
			buildRules = (
			);
			dependencies = (
			);
			name = "Sample Controller";
			productName = "Sample Controller";
			productReference = 508E214618C93E8500118F23 /* Sample Controller.app */;
			productType = "com.apple.product-type.application";
		};
		508E216618C93E8500118F23 /* Sample ControllerTests */ = {
			isa = PBXNativeTarget;
			buildConfigurationList = 508E217B18C93E8500118F23 /* Build configuration list for PBXNativeTarget "Sample ControllerTests" */;
			buildPhases = (
				508E216318C93E8500118F23 /* Sources */,
				508E216418C93E8500118F23 /* Frameworks */,
				508E216518C93E8500118F23 /* Resources */,
			);
			buildRules = (
			);
			dependencies = (
				508E216D18C93E8500118F23 /* PBXTargetDependency */,
			);
			name = "Sample ControllerTests";
			productName = "Sample ControllerTests";
			productReference = 508E216718C93E8500118F23 /* Sample ControllerTests.xctest */;
			productType = "com.apple.product-type.bundle.unit-test";
		};
/* End PBXNativeTarget section */

/* Begin PBXProject section */
		508E213E18C93E8500118F23 /* Project object */ = {
			isa = PBXProject;
			attributes = {
				LastUpgradeCheck = 0510;
				ORGANIZATIONNAME = "Adam Proschek";
				TargetAttributes = {
					508E216618C93E8500118F23 = {
						TestTargetID = 508E214518C93E8500118F23;
					};
				};
			};
			buildConfigurationList = 508E214118C93E8500118F23 /* Build configuration list for PBXProject "Sample Controller" */;
			compatibilityVersion = "Xcode 3.2";
			developmentRegion = English;
			hasScannedForEncodings = 0;
			knownRegions = (
				en,
				Base,
			);
			mainGroup = 508E213D18C93E8500118F23;
			productRefGroup = 508E214718C93E8500118F23 /* Products */;
			projectDirPath = "";
			projectRoot = "";
			targets = (
				508E214518C93E8500118F23 /* Sample Controller */,
				508E216618C93E8500118F23 /* Sample ControllerTests */,
			);
		};
/* End PBXProject section */

/* Begin PBXResourcesBuildPhase section */
		508E214418C93E8500118F23 /* Resources */ = {
			isa = PBXResourcesBuildPhase;
			buildActionMask = 2147483647;
			files = (
				508E216218C93E8500118F23 /* Images.xcassets in Resources */,
				508E219D18C9536E00118F23 /* FirstViewController.xib in Resources */,
				508E215418C93E8500118F23 /* InfoPlist.strings in Resources */,
				508E215D18C93E8500118F23 /* Main.storyboard in Resources */,
				508E219818C9535A00118F23 /* SecondViewController.xib in Resources */,
			);
			runOnlyForDeploymentPostprocessing = 0;
		};
		508E216518C93E8500118F23 /* Resources */ = {
			isa = PBXResourcesBuildPhase;
			buildActionMask = 2147483647;
			files = (
				508E217318C93E8500118F23 /* InfoPlist.strings in Resources */,
			);
			runOnlyForDeploymentPostprocessing = 0;
		};
/* End PBXResourcesBuildPhase section */

/* Begin PBXSourcesBuildPhase section */
		508E214218C93E8500118F23 /* Sources */ = {
			isa = PBXSourcesBuildPhase;
			buildActionMask = 2147483647;
			files = (
				508E216018C93E8500118F23 /* ViewController.m in Sources */,
				504C111B18CF4DED00B933D5 /* UIColor+TempoRunColors.m in Sources */,
				508E215A18C93E8500118F23 /* AppDelegate.m in Sources */,
				504C111718CF4C0C00B933D5 /* TempoActivityIndicator.m in Sources */,
				508E219718C9535A00118F23 /* SecondViewController.m in Sources */,
				504C111E18CF7EFD00B933D5 /* TempoToolbarTableViewCell.m in Sources */,
				508E218818C9428200118F23 /* TempoToolbar.m in Sources */,
				508E215618C93E8500118F23 /* main.m in Sources */,
				508E218018C93EDB00118F23 /* TempoToolbarController.m in Sources */,
				508E219C18C9536E00118F23 /* FirstViewController.m in Sources */,
			);
			runOnlyForDeploymentPostprocessing = 0;
		};
		508E216318C93E8500118F23 /* Sources */ = {
			isa = PBXSourcesBuildPhase;
			buildActionMask = 2147483647;
			files = (
				508E217518C93E8500118F23 /* Sample_ControllerTests.m in Sources */,
			);
			runOnlyForDeploymentPostprocessing = 0;
		};
/* End PBXSourcesBuildPhase section */

/* Begin PBXTargetDependency section */
		508E216D18C93E8500118F23 /* PBXTargetDependency */ = {
			isa = PBXTargetDependency;
			target = 508E214518C93E8500118F23 /* Sample Controller */;
			targetProxy = 508E216C18C93E8500118F23 /* PBXContainerItemProxy */;
		};
/* End PBXTargetDependency section */

/* Begin PBXVariantGroup section */
		508E215218C93E8500118F23 /* InfoPlist.strings */ = {
			isa = PBXVariantGroup;
			children = (
				508E215318C93E8500118F23 /* en */,
			);
			name = InfoPlist.strings;
			sourceTree = "<group>";
		};
		508E215B18C93E8500118F23 /* Main.storyboard */ = {
			isa = PBXVariantGroup;
			children = (
				508E215C18C93E8500118F23 /* Base */,
			);
			name = Main.storyboard;
			sourceTree = "<group>";
		};
		508E217118C93E8500118F23 /* InfoPlist.strings */ = {
			isa = PBXVariantGroup;
			children = (
				508E217218C93E8500118F23 /* en */,
			);
			name = InfoPlist.strings;
			sourceTree = "<group>";
		};
/* End PBXVariantGroup section */

/* Begin XCBuildConfiguration section */
		508E217618C93E8500118F23 /* Debug */ = {
			isa = XCBuildConfiguration;
			buildSettings = {
				ALWAYS_SEARCH_USER_PATHS = NO;
				CLANG_CXX_LANGUAGE_STANDARD = "gnu++0x";
				CLANG_CXX_LIBRARY = "libc++";
				CLANG_ENABLE_MODULES = YES;
				CLANG_ENABLE_OBJC_ARC = YES;
				CLANG_WARN_BOOL_CONVERSION = YES;
				CLANG_WARN_CONSTANT_CONVERSION = YES;
				CLANG_WARN_DIRECT_OBJC_ISA_USAGE = YES_ERROR;
				CLANG_WARN_EMPTY_BODY = YES;
				CLANG_WARN_ENUM_CONVERSION = YES;
				CLANG_WARN_INT_CONVERSION = YES;
				CLANG_WARN_OBJC_ROOT_CLASS = YES_ERROR;
				CLANG_WARN__DUPLICATE_METHOD_MATCH = YES;
				"CODE_SIGN_IDENTITY[sdk=iphoneos*]" = "iPhone Developer";
				COPY_PHASE_STRIP = NO;
				GCC_C_LANGUAGE_STANDARD = gnu99;
				GCC_DYNAMIC_NO_PIC = NO;
				GCC_OPTIMIZATION_LEVEL = 0;
				GCC_PREPROCESSOR_DEFINITIONS = (
					"DEBUG=1",
					"$(inherited)",
				);
				GCC_SYMBOLS_PRIVATE_EXTERN = NO;
				GCC_WARN_64_TO_32_BIT_CONVERSION = YES;
				GCC_WARN_ABOUT_RETURN_TYPE = YES_ERROR;
				GCC_WARN_UNDECLARED_SELECTOR = YES;
				GCC_WARN_UNINITIALIZED_AUTOS = YES;
				GCC_WARN_UNUSED_FUNCTION = YES;
				GCC_WARN_UNUSED_VARIABLE = YES;
				IPHONEOS_DEPLOYMENT_TARGET = 7.0;
				ONLY_ACTIVE_ARCH = YES;
				SDKROOT = iphoneos;
			};
			name = Debug;
		};
		508E217718C93E8500118F23 /* Release */ = {
			isa = XCBuildConfiguration;
			buildSettings = {
				ALWAYS_SEARCH_USER_PATHS = NO;
				CLANG_CXX_LANGUAGE_STANDARD = "gnu++0x";
				CLANG_CXX_LIBRARY = "libc++";
				CLANG_ENABLE_MODULES = YES;
				CLANG_ENABLE_OBJC_ARC = YES;
				CLANG_WARN_BOOL_CONVERSION = YES;
				CLANG_WARN_CONSTANT_CONVERSION = YES;
				CLANG_WARN_DIRECT_OBJC_ISA_USAGE = YES_ERROR;
				CLANG_WARN_EMPTY_BODY = YES;
				CLANG_WARN_ENUM_CONVERSION = YES;
				CLANG_WARN_INT_CONVERSION = YES;
				CLANG_WARN_OBJC_ROOT_CLASS = YES_ERROR;
				CLANG_WARN__DUPLICATE_METHOD_MATCH = YES;
				"CODE_SIGN_IDENTITY[sdk=iphoneos*]" = "iPhone Developer";
				COPY_PHASE_STRIP = YES;
				ENABLE_NS_ASSERTIONS = NO;
				GCC_C_LANGUAGE_STANDARD = gnu99;
				GCC_WARN_64_TO_32_BIT_CONVERSION = YES;
				GCC_WARN_ABOUT_RETURN_TYPE = YES_ERROR;
				GCC_WARN_UNDECLARED_SELECTOR = YES;
				GCC_WARN_UNINITIALIZED_AUTOS = YES;
				GCC_WARN_UNUSED_FUNCTION = YES;
				GCC_WARN_UNUSED_VARIABLE = YES;
				IPHONEOS_DEPLOYMENT_TARGET = 7.0;
				SDKROOT = iphoneos;
				VALIDATE_PRODUCT = YES;
			};
			name = Release;
		};
		508E217918C93E8500118F23 /* Debug */ = {
			isa = XCBuildConfiguration;
			buildSettings = {
				ASSETCATALOG_COMPILER_APPICON_NAME = AppIcon;
				ASSETCATALOG_COMPILER_LAUNCHIMAGE_NAME = LaunchImage;
				GCC_PRECOMPILE_PREFIX_HEADER = YES;
				GCC_PREFIX_HEADER = "Sample Controller/Sample Controller-Prefix.pch";
				INFOPLIST_FILE = "Sample Controller/Sample Controller-Info.plist";
				PRODUCT_NAME = "$(TARGET_NAME)";
				WRAPPER_EXTENSION = app;
			};
			name = Debug;
		};
		508E217A18C93E8500118F23 /* Release */ = {
			isa = XCBuildConfiguration;
			buildSettings = {
				ASSETCATALOG_COMPILER_APPICON_NAME = AppIcon;
				ASSETCATALOG_COMPILER_LAUNCHIMAGE_NAME = LaunchImage;
				GCC_PRECOMPILE_PREFIX_HEADER = YES;
				GCC_PREFIX_HEADER = "Sample Controller/Sample Controller-Prefix.pch";
				INFOPLIST_FILE = "Sample Controller/Sample Controller-Info.plist";
				PRODUCT_NAME = "$(TARGET_NAME)";
				WRAPPER_EXTENSION = app;
			};
			name = Release;
		};
		508E217C18C93E8500118F23 /* Debug */ = {
			isa = XCBuildConfiguration;
			buildSettings = {
				BUNDLE_LOADER = "$(BUILT_PRODUCTS_DIR)/Sample Controller.app/Sample Controller";
				FRAMEWORK_SEARCH_PATHS = (
					"$(SDKROOT)/Developer/Library/Frameworks",
					"$(inherited)",
					"$(DEVELOPER_FRAMEWORKS_DIR)",
				);
				GCC_PRECOMPILE_PREFIX_HEADER = YES;
				GCC_PREFIX_HEADER = "Sample Controller/Sample Controller-Prefix.pch";
				GCC_PREPROCESSOR_DEFINITIONS = (
					"DEBUG=1",
					"$(inherited)",
				);
				INFOPLIST_FILE = "Sample ControllerTests/Sample ControllerTests-Info.plist";
				PRODUCT_NAME = "$(TARGET_NAME)";
				TEST_HOST = "$(BUNDLE_LOADER)";
				WRAPPER_EXTENSION = xctest;
			};
			name = Debug;
		};
		508E217D18C93E8500118F23 /* Release */ = {
			isa = XCBuildConfiguration;
			buildSettings = {
				BUNDLE_LOADER = "$(BUILT_PRODUCTS_DIR)/Sample Controller.app/Sample Controller";
				FRAMEWORK_SEARCH_PATHS = (
					"$(SDKROOT)/Developer/Library/Frameworks",
					"$(inherited)",
					"$(DEVELOPER_FRAMEWORKS_DIR)",
				);
				GCC_PRECOMPILE_PREFIX_HEADER = YES;
				GCC_PREFIX_HEADER = "Sample Controller/Sample Controller-Prefix.pch";
				INFOPLIST_FILE = "Sample ControllerTests/Sample ControllerTests-Info.plist";
				PRODUCT_NAME = "$(TARGET_NAME)";
				TEST_HOST = "$(BUNDLE_LOADER)";
				WRAPPER_EXTENSION = xctest;
			};
			name = Release;
		};
/* End XCBuildConfiguration section */

/* Begin XCConfigurationList section */
		508E214118C93E8500118F23 /* Build configuration list for PBXProject "Sample Controller" */ = {
			isa = XCConfigurationList;
			buildConfigurations = (
				508E217618C93E8500118F23 /* Debug */,
				508E217718C93E8500118F23 /* Release */,
			);
			defaultConfigurationIsVisible = 0;
			defaultConfigurationName = Release;
		};
		508E217818C93E8500118F23 /* Build configuration list for PBXNativeTarget "Sample Controller" */ = {
			isa = XCConfigurationList;
			buildConfigurations = (
				508E217918C93E8500118F23 /* Debug */,
				508E217A18C93E8500118F23 /* Release */,
			);
			defaultConfigurationIsVisible = 0;
			defaultConfigurationName = Release;
		};
		508E217B18C93E8500118F23 /* Build configuration list for PBXNativeTarget "Sample ControllerTests" */ = {
			isa = XCConfigurationList;
			buildConfigurations = (
				508E217C18C93E8500118F23 /* Debug */,
				508E217D18C93E8500118F23 /* Release */,
			);
			defaultConfigurationIsVisible = 0;
			defaultConfigurationName = Release;
		};
/* End XCConfigurationList section */
	};
	rootObject = 508E213E18C93E8500118F23 /* Project object */;
}
